
Microsoft Visual Studio Solution File, Format Version 12.00
# Visual Studio Version 16
VisualStudioVersion = 16.0.30907.101
MinimumVisualStudioVersion = 10.0.40219.1
Project("{FAE04EC0-301F-11D3-BF4B-00C04F79EFBC}") = "DSP_Plugin", "DSP_Plugin\DSP_Plugin.csproj", "{A837C82E-E582-4434-994A-35BE8EB5A3CF}"
EndProject
Global
	GlobalSection(SolutionConfigurationPlatforms) = preSolution
		Debug|Any CPU = Debug|Any CPU
		Release|Any CPU = Release|Any CPU
	EndGlobalSection
	GlobalSection(ProjectConfigurationPlatforms) = postSolution
		{A837C82E-E582-4434-994A-35BE8EB5A3CF}.Debug|Any CPU.ActiveCfg = Debug|Any CPU
		{A837C82E-E582-4434-994A-35BE8EB5A3CF}.Debug|Any CPU.Build.0 = Debug|Any CPU
		{A837C82E-E582-4434-994A-35BE8EB5A3CF}.Release|Any CPU.ActiveCfg = Release|Any CPU
		{A837C82E-E582-4434-994A-35BE8EB5A3CF}.Release|Any CPU.Build.0 = Release|Any CPU
	EndGlobalSection
	GlobalSection(SolutionProperties) = preSolution
		HideSolutionNode = FALSE
	EndGlobalSection
	GlobalSection(ExtensibilityGlobals) = postSolution
		SolutionGuid = {4E483D7E-0F7C-4A79-8C9B-6018E802E494}
	EndGlobalSection
EndGlobal
